{
    "name": "bitponystreamreader",
    "version": "1.0.0",
    "lockfileVersion": 2,
    "requires": true,
    "packages": {
        "": {
            "name": "bitponystreamreader",
            "version": "1.0.0",
            "license": "MIT",
            "dependencies": {
                "base-58": "^0.0.1",
                "bech32": "2.0.0",
                "hash.js": "1.1.7",
                "int64-buffer": "^1.0.1"
            },
            "devDependencies": {
                "bitpony": "0.0.2"
            }
        },
        "node_modules/base-58": {
            "version": "0.0.1",
            "resolved": "https://registry.npmjs.org/base-58/-/base-58-0.0.1.tgz",
            "integrity": "sha512-denlKTnozZTVWuh1QkbXf10kkFNc+0/eno29RR+6g5al0yGI+iAOFt/cIA2tvnKoADlUFLZHs50ZdWF+c9WBnw=="
        },
        "node_modules/bech32": {
            "version": "2.0.0",
            "resolved": "https://registry.npmjs.org/bech32/-/bech32-2.0.0.tgz",
            "integrity": "sha512-LcknSilhIGatDAsY1ak2I8VtGaHNhgMSYVxFrGLXv+xLHytaKZKcaUJJUE7qmBr7h33o5YQwP55pMI0xmkpJwg==",
            "license": "MIT"
        },
        "node_modules/bitpony": {
            "version": "0.0.2",
            "resolved": "https://registry.npmjs.org/bitpony/-/bitpony-0.0.2.tgz",
            "integrity": "sha512-brjfSDLgj1J4czR9a4STHNRZIB7AEKrM6KleCnXh/YClBXiMeQ2ePpoza4GRMomE28HXZ9o5OQP/aGTHc4hZQQ==",
            "dev": true,
            "license": "MIT",
            "dependencies": {
                "int64-buffer": "^0.1.9"
            }
        },
        "node_modules/bitpony/node_modules/int64-buffer": {
            "version": "0.1.10",
            "resolved": "https://registry.npmjs.org/int64-buffer/-/int64-buffer-0.1.10.tgz",
            "integrity": "sha512-v7cSY1J8ydZ0GyjUHqF+1bshJ6cnEVLo9EnjB8p+4HDRPZc9N5jjmvUV7NvEsqQOKyH0pmIBFWXVQbiS0+OBbA==",
            "dev": true,
            "license": "MIT"
        },
        "node_modules/hash.js": {
            "version": "1.1.7",
            "resolved": "https://registry.npmjs.org/hash.js/-/hash.js-1.1.7.tgz",
            "integrity": "sha512-taOaskGt4z4SOANNseOviYDvjEJinIkRgmp7LbKP2YTTmVxWBl87s/uzK9r+44BclBSp2X7K1hqeNfz9JbBeXA==",
            "license": "MIT",
            "dependencies": {
                "inherits": "^2.0.3",
                "minimalistic-assert": "^1.0.1"
            }
        },
        "node_modules/inherits": {
            "version": "2.0.4",
            "resolved": "https://registry.npmjs.org/inherits/-/inherits-2.0.4.tgz",
            "integrity": "sha512-k/vGaX4/Yla3WzyMCvTQOXYeIHvqOKtnqBduzTHpzpQZzAskKMhZ2K+EnBiSM9zGSoIFeMpXKxa4dYeZIQqewQ=="
        },
        "node_modules/int64-buffer": {
            "version": "1.0.1",
            "resolved": "https://registry.npmjs.org/int64-buffer/-/int64-buffer-1.0.1.tgz",
            "integrity": "sha512-+3azY4pXrjAupJHU1V9uGERWlhoqNswJNji6aD/02xac7oxol508AsMC5lxKhEqyZeDFy3enq5OGWXF4u75hiw==",
            "engines": {
                "node": ">= 4.5.0"
            }
        },
        "node_modules/minimalistic-assert": {
            "version": "1.0.1",
            "resolved": "https://registry.npmjs.org/minimalistic-assert/-/minimalistic-assert-1.0.1.tgz",
            "integrity": "sha512-UtJcAD4yEaGtjPezWuO9wC4nwUnVH/8/Im3yEHQP4b67cXlD/Qr9hdITCU1xDbSEXg2XKNaP8jsReV7vQd00/A=="
        }
    },
    "dependencies": {
        "base-58": {
            "version": "0.0.1",
            "resolved": "https://registry.npmjs.org/base-58/-/base-58-0.0.1.tgz",
            "integrity": "sha512-denlKTnozZTVWuh1QkbXf10kkFNc+0/eno29RR+6g5al0yGI+iAOFt/cIA2tvnKoADlUFLZHs50ZdWF+c9WBnw=="
        },
        "bech32": {
            "version": "2.0.0",
            "resolved": "https://registry.npmjs.org/bech32/-/bech32-2.0.0.tgz",
            "integrity": "sha512-LcknSilhIGatDAsY1ak2I8VtGaHNhgMSYVxFrGLXv+xLHytaKZKcaUJJUE7qmBr7h33o5YQwP55pMI0xmkpJwg=="
        },
        "bitpony": {
            "version": "0.0.2",
            "resolved": "https://registry.npmjs.org/bitpony/-/bitpony-0.0.2.tgz",
            "integrity": "sha512-brjfSDLgj1J4czR9a4STHNRZIB7AEKrM6KleCnXh/YClBXiMeQ2ePpoza4GRMomE28HXZ9o5OQP/aGTHc4hZQQ==",
            "dev": true,
            "requires": {
                "int64-buffer": "^0.1.9"
            },
            "dependencies": {
                "int64-buffer": {
                    "version": "0.1.10",
                    "resolved": "https://registry.npmjs.org/int64-buffer/-/int64-buffer-0.1.10.tgz",
                    "integrity": "sha512-v7cSY1J8ydZ0GyjUHqF+1bshJ6cnEVLo9EnjB8p+4HDRPZc9N5jjmvUV7NvEsqQOKyH0pmIBFWXVQbiS0+OBbA==",
                    "dev": true
                }
            }
        },
        "hash.js": {
            "version": "1.1.7",
            "resolved": "https://registry.npmjs.org/hash.js/-/hash.js-1.1.7.tgz",
            "integrity": "sha512-taOaskGt4z4SOANNseOviYDvjEJinIkRgmp7LbKP2YTTmVxWBl87s/uzK9r+44BclBSp2X7K1hqeNfz9JbBeXA==",
            "requires": {
                "inherits": "^2.0.3",
                "minimalistic-assert": "^1.0.1"
            }
        },
        "inherits": {
            "version": "2.0.4",
            "resolved": "https://registry.npmjs.org/inherits/-/inherits-2.0.4.tgz",
            "integrity": "sha512-k/vGaX4/Yla3WzyMCvTQOXYeIHvqOKtnqBduzTHpzpQZzAskKMhZ2K+EnBiSM9zGSoIFeMpXKxa4dYeZIQqewQ=="
        },
        "int64-buffer": {
            "version": "1.0.1",
            "resolved": "https://registry.npmjs.org/int64-buffer/-/int64-buffer-1.0.1.tgz",
            "integrity": "sha512-+3azY4pXrjAupJHU1V9uGERWlhoqNswJNji6aD/02xac7oxol508AsMC5lxKhEqyZeDFy3enq5OGWXF4u75hiw=="
        },
        "minimalistic-assert": {
            "version": "1.0.1",
            "resolved": "https://registry.npmjs.org/minimalistic-assert/-/minimalistic-assert-1.0.1.tgz",
            "integrity": "sha512-UtJcAD4yEaGtjPezWuO9wC4nwUnVH/8/Im3yEHQP4b67cXlD/Qr9hdITCU1xDbSEXg2XKNaP8jsReV7vQd00/A=="
        }
    }
}
